// !$*UTF8*$!
{
	archiveVersion = 1;
	classes = {
	};
	objectVersion = 50;
	objects = {

/* Begin PBXBuildFile section */
		4C39BAED235E467D00917EA9 /* AppDelegate.swift in Sources */ = {isa = PBXBuildFile; fileRef = 4C39BAEC235E467D00917EA9 /* AppDelegate.swift */; };
		4C39BAEF235E467D00917EA9 /* SceneDelegate.swift in Sources */ = {isa = PBXBuildFile; fileRef = 4C39BAEE235E467D00917EA9 /* SceneDelegate.swift */; };
		4C39BAF6235E468100917EA9 /* Assets.xcassets in Resources */ = {isa = PBXBuildFile; fileRef = 4C39BAF5235E468100917EA9 /* Assets.xcassets */; };
		4C39BAF9235E468100917EA9 /* LaunchScreen.storyboard in Resources */ = {isa = PBXBuildFile; fileRef = 4C39BAF7235E468100917EA9 /* LaunchScreen.storyboard */; };
		4C39BB04235E478500917EA9 /* TasksViewController.swift in Sources */ = {isa = PBXBuildFile; fileRef = 4C39BB03235E478500917EA9 /* TasksViewController.swift */; };
		4C39BB08235E4ECA00917EA9 /* TaskCell.swift in Sources */ = {isa = PBXBuildFile; fileRef = 4C39BB07235E4ECA00917EA9 /* TaskCell.swift */; };
		4C39BB0B235E4F0500917EA9 /* CellProtocol.swift in Sources */ = {isa = PBXBuildFile; fileRef = 4C39BB0A235E4F0500917EA9 /* CellProtocol.swift */; };
		4C39BB0E235E59A400917EA9 /* DetailTaskViewController.swift in Sources */ = {isa = PBXBuildFile; fileRef = 4C39BB0D235E59A400917EA9 /* DetailTaskViewController.swift */; };
		4C39BB11235E5A8E00917EA9 /* SettingsViewController.swift in Sources */ = {isa = PBXBuildFile; fileRef = 4C39BB10235E5A8E00917EA9 /* SettingsViewController.swift */; };
/* End PBXBuildFile section */

/* Begin PBXFileReference section */
		4C39BAE9235E467D00917EA9 /* SpendeeTask.app */ = {isa = PBXFileReference; explicitFileType = wrapper.application; includeInIndex = 0; path = SpendeeTask.app; sourceTree = BUILT_PRODUCTS_DIR; };
		4C39BAEC235E467D00917EA9 /* AppDelegate.swift */ = {isa = PBXFileReference; lastKnownFileType = sourcecode.swift; path = AppDelegate.swift; sourceTree = "<group>"; };
		4C39BAEE235E467D00917EA9 /* SceneDelegate.swift */ = {isa = PBXFileReference; lastKnownFileType = sourcecode.swift; path = SceneDelegate.swift; sourceTree = "<group>"; };
		4C39BAF5235E468100917EA9 /* Assets.xcassets */ = {isa = PBXFileReference; lastKnownFileType = folder.assetcatalog; path = Assets.xcassets; sourceTree = "<group>"; };
		4C39BAF8235E468100917EA9 /* Base */ = {isa = PBXFileReference; lastKnownFileType = file.storyboard; name = Base; path = Base.lproj/LaunchScreen.storyboard; sourceTree = "<group>"; };
		4C39BAFA235E468100917EA9 /* Info.plist */ = {isa = PBXFileReference; lastKnownFileType = text.plist.xml; path = Info.plist; sourceTree = "<group>"; };
		4C39BB03235E478500917EA9 /* TasksViewController.swift */ = {isa = PBXFileReference; lastKnownFileType = sourcecode.swift; path = TasksViewController.swift; sourceTree = "<group>"; };
		4C39BB07235E4ECA00917EA9 /* TaskCell.swift */ = {isa = PBXFileReference; lastKnownFileType = sourcecode.swift; path = TaskCell.swift; sourceTree = "<group>"; };
		4C39BB0A235E4F0500917EA9 /* CellProtocol.swift */ = {isa = PBXFileReference; lastKnownFileType = sourcecode.swift; path = CellProtocol.swift; sourceTree = "<group>"; };
		4C39BB0D235E59A400917EA9 /* DetailTaskViewController.swift */ = {isa = PBXFileReference; lastKnownFileType = sourcecode.swift; path = DetailTaskViewController.swift; sourceTree = "<group>"; };
		4C39BB10235E5A8E00917EA9 /* SettingsViewController.swift */ = {isa = PBXFileReference; lastKnownFileType = sourcecode.swift; path = SettingsViewController.swift; sourceTree = "<group>"; };
/* End PBXFileReference section */

/* Begin PBXFrameworksBuildPhase section */
		4C39BAE6235E467D00917EA9 /* Frameworks */ = {
			isa = PBXFrameworksBuildPhase;
			buildActionMask = 2147483647;
			files = (
			);
			runOnlyForDeploymentPostprocessing = 0;
		};
/* End PBXFrameworksBuildPhase section */

/* Begin PBXGroup section */
		4C39BAE0235E467D00917EA9 = {
			isa = PBXGroup;
			children = (
				4C39BAEB235E467D00917EA9 /* SpendeeTask */,
				4C39BAEA235E467D00917EA9 /* Products */,
			);
			sourceTree = "<group>";
		};
		4C39BAEA235E467D00917EA9 /* Products */ = {
			isa = PBXGroup;
			children = (
				4C39BAE9235E467D00917EA9 /* SpendeeTask.app */,
			);
			name = Products;
			sourceTree = "<group>";
		};
		4C39BAEB235E467D00917EA9 /* SpendeeTask */ = {
			isa = PBXGroup;
			children = (
				4C39BB09235E4EF800917EA9 /* Protocols */,
				4C39BB01235E46C200917EA9 /* Resources */,
				4C39BB00235E469D00917EA9 /* SupportingFiles */,
				4C39BB02235E473200917EA9 /* Views */,
			);
			path = SpendeeTask;
			sourceTree = "<group>";
		};
		4C39BB00235E469D00917EA9 /* SupportingFiles */ = {
			isa = PBXGroup;
			children = (
				4C39BAFA235E468100917EA9 /* Info.plist */,
				4C39BAEE235E467D00917EA9 /* SceneDelegate.swift */,
				4C39BAEC235E467D00917EA9 /* AppDelegate.swift */,
			);
			path = SupportingFiles;
			sourceTree = "<group>";
		};
		4C39BB01235E46C200917EA9 /* Resources */ = {
			isa = PBXGroup;
			children = (
				4C39BAF7235E468100917EA9 /* LaunchScreen.storyboard */,
				4C39BAF5235E468100917EA9 /* Assets.xcassets */,
			);
			path = Resources;
			sourceTree = "<group>";
		};
		4C39BB02235E473200917EA9 /* Views */ = {
			isa = PBXGroup;
			children = (
				4C39BB0F235E5A8200917EA9 /* Settings */,
				4C39BB05235E478C00917EA9 /* Tasks */,
			);
			path = Views;
			sourceTree = "<group>";
		};
		4C39BB05235E478C00917EA9 /* Tasks */ = {
			isa = PBXGroup;
			children = (
				4C39BB0C235E599300917EA9 /* Detail */,
				4C39BB06235E4EAB00917EA9 /* Cells */,
				4C39BB03235E478500917EA9 /* TasksViewController.swift */,
			);
			path = Tasks;
			sourceTree = "<group>";
		};
		4C39BB06235E4EAB00917EA9 /* Cells */ = {
			isa = PBXGroup;
			children = (
				4C39BB07235E4ECA00917EA9 /* TaskCell.swift */,
			);
			path = Cells;
			sourceTree = "<group>";
		};
		4C39BB09235E4EF800917EA9 /* Protocols */ = {
			isa = PBXGroup;
			children = (
				4C39BB0A235E4F0500917EA9 /* CellProtocol.swift */,
			);
			path = Protocols;
			sourceTree = "<group>";
		};
		4C39BB0C235E599300917EA9 /* Detail */ = {
			isa = PBXGroup;
			children = (
				4C39BB0D235E59A400917EA9 /* DetailTaskViewController.swift */,
			);
			path = Detail;
			sourceTree = "<group>";
		};
		4C39BB0F235E5A8200917EA9 /* Settings */ = {
			isa = PBXGroup;
			children = (
				4C39BB10235E5A8E00917EA9 /* SettingsViewController.swift */,
			);
			path = Settings;
			sourceTree = "<group>";
		};
/* End PBXGroup section */

/* Begin PBXNativeTarget section */
		4C39BAE8235E467D00917EA9 /* SpendeeTask */ = {
			isa = PBXNativeTarget;
			buildConfigurationList = 4C39BAFD235E468100917EA9 /* Build configuration list for PBXNativeTarget "SpendeeTask" */;
			buildPhases = (
				4C39BAE5235E467D00917EA9 /* Sources */,
				4C39BAE6235E467D00917EA9 /* Frameworks */,
				4C39BAE7235E467D00917EA9 /* Resources */,
			);
			buildRules = (
			);
			dependencies = (
			);
			name = SpendeeTask;
			productName = SpendeeTask;
			productReference = 4C39BAE9235E467D00917EA9 /* SpendeeTask.app */;
			productType = "com.apple.product-type.application";
		};
/* End PBXNativeTarget section */

/* Begin PBXProject section */
		4C39BAE1235E467D00917EA9 /* Project object */ = {
			isa = PBXProject;
			attributes = {
				LastSwiftUpdateCheck = 1100;
				LastUpgradeCheck = 1100;
				ORGANIZATIONNAME = danielfcodes;
				TargetAttributes = {
					4C39BAE8235E467D00917EA9 = {
						CreatedOnToolsVersion = 11.0;
					};
				};
			};
			buildConfigurationList = 4C39BAE4235E467D00917EA9 /* Build configuration list for PBXProject "SpendeeTask" */;
			compatibilityVersion = "Xcode 9.3";
			developmentRegion = en;
			hasScannedForEncodings = 0;
			knownRegions = (
				en,
				Base,
			);
			mainGroup = 4C39BAE0235E467D00917EA9;
			productRefGroup = 4C39BAEA235E467D00917EA9 /* Products */;
			projectDirPath = "";
			projectRoot = "";
			targets = (
				4C39BAE8235E467D00917EA9 /* SpendeeTask */,
			);
		};
/* End PBXProject section */

/* Begin PBXResourcesBuildPhase section */
		4C39BAE7235E467D00917EA9 /* Resources */ = {
			isa = PBXResourcesBuildPhase;
			buildActionMask = 2147483647;
			files = (
				4C39BAF9235E468100917EA9 /* LaunchScreen.storyboard in Resources */,
				4C39BAF6235E468100917EA9 /* Assets.xcassets in Resources */,
			);
			runOnlyForDeploymentPostprocessing = 0;
		};
/* End PBXResourcesBuildPhase section */

/* Begin PBXSourcesBuildPhase section */
		4C39BAE5235E467D00917EA9 /* Sources */ = {
			isa = PBXSourcesBuildPhase;
			buildActionMask = 2147483647;
			files = (
				4C39BB08235E4ECA00917EA9 /* TaskCell.swift in Sources */,
				4C39BB04235E478500917EA9 /* TasksViewController.swift in Sources */,
				4C39BB11235E5A8E00917EA9 /* SettingsViewController.swift in Sources */,
				4C39BAED235E467D00917EA9 /* AppDelegate.swift in Sources */,
				4C39BAEF235E467D00917EA9 /* SceneDelegate.swift in Sources */,
				4C39BB0E235E59A400917EA9 /* DetailTaskViewController.swift in Sources */,
				4C39BB0B235E4F0500917EA9 /* CellProtocol.swift in Sources */,
			);
			runOnlyForDeploymentPostprocessing = 0;
		};
/* End PBXSourcesBuildPhase section */

/* Begin PBXVariantGroup section */
		4C39BAF7235E468100917EA9 /* LaunchScreen.storyboard */ = {
			isa = PBXVariantGroup;
			children = (
				4C39BAF8235E468100917EA9 /* Base */,
			);
			name = LaunchScreen.storyboard;
			sourceTree = "<group>";
		};
/* End PBXVariantGroup section */

/* Begin XCBuildConfiguration section */
		4C39BAFB235E468100917EA9 /* Debug */ = {
			isa = XCBuildConfiguration;
			buildSettings = {
				ALWAYS_SEARCH_USER_PATHS = NO;
				CLANG_ANALYZER_NONNULL = YES;
				CLANG_ANALYZER_NUMBER_OBJECT_CONVERSION = YES_AGGRESSIVE;
				CLANG_CXX_LANGUAGE_STANDARD = "gnu++14";
				CLANG_CXX_LIBRARY = "libc++";
				CLANG_ENABLE_MODULES = YES;
				CLANG_ENABLE_OBJC_ARC = YES;
				CLANG_ENABLE_OBJC_WEAK = YES;
				CLANG_WARN_BLOCK_CAPTURE_AUTORELEASING = YES;
				CLANG_WARN_BOOL_CONVERSION = YES;
				CLANG_WARN_COMMA = YES;
				CLANG_WARN_CONSTANT_CONVERSION = YES;
				CLANG_WARN_DEPRECATED_OBJC_IMPLEMENTATIONS = YES;
				CLANG_WARN_DIRECT_OBJC_ISA_USAGE = YES_ERROR;
				CLANG_WARN_DOCUMENTATION_COMMENTS = YES;
				CLANG_WARN_EMPTY_BODY = YES;
				CLANG_WARN_ENUM_CONVERSION = YES;
				CLANG_WARN_INFINITE_RECURSION = YES;
				CLANG_WARN_INT_CONVERSION = YES;
				CLANG_WARN_NON_LITERAL_NULL_CONVERSION = YES;
				CLANG_WARN_OBJC_IMPLICIT_RETAIN_SELF = YES;
				CLANG_WARN_OBJC_LITERAL_CONVERSION = YES;
				CLANG_WARN_OBJC_ROOT_CLASS = YES_ERROR;
				CLANG_WARN_RANGE_LOOP_ANALYSIS = YES;
				CLANG_WARN_STRICT_PROTOTYPES = YES;
				CLANG_WARN_SUSPICIOUS_MOVE = YES;
				CLANG_WARN_UNGUARDED_AVAILABILITY = YES_AGGRESSIVE;
				CLANG_WARN_UNREACHABLE_CODE = YES;
				CLANG_WARN__DUPLICATE_METHOD_MATCH = YES;
				COPY_PHASE_STRIP = NO;
				DEBUG_INFORMATION_FORMAT = dwarf;
				ENABLE_STRICT_OBJC_MSGSEND = YES;
				ENABLE_TESTABILITY = YES;
				GCC_C_LANGUAGE_STANDARD = gnu11;
				GCC_DYNAMIC_NO_PIC = NO;
				GCC_NO_COMMON_BLOCKS = YES;
				GCC_OPTIMIZATION_LEVEL = 0;
				GCC_PREPROCESSOR_DEFINITIONS = (
					"DEBUG=1",
					"$(inherited)",
				);
				GCC_WARN_64_TO_32_BIT_CONVERSION = YES;
				GCC_WARN_ABOUT_RETURN_TYPE = YES_ERROR;
				GCC_WARN_UNDECLARED_SELECTOR = YES;
				GCC_WARN_UNINITIALIZED_AUTOS = YES_AGGRESSIVE;
				GCC_WARN_UNUSED_FUNCTION = YES;
				GCC_WARN_UNUSED_VARIABLE = YES;
				IPHONEOS_DEPLOYMENT_TARGET = 13.0;
				MTL_ENABLE_DEBUG_INFO = INCLUDE_SOURCE;
				MTL_FAST_MATH = YES;
				ONLY_ACTIVE_ARCH = YES;
				SDKROOT = iphoneos;
				SWIFT_ACTIVE_COMPILATION_CONDITIONS = DEBUG;
				SWIFT_OPTIMIZATION_LEVEL = "-Onone";
			};
			name = Debug;
		};
		4C39BAFC235E468100917EA9 /* Release */ = {
			isa = XCBuildConfiguration;
			buildSettings = {
				ALWAYS_SEARCH_USER_PATHS = NO;
				CLANG_ANALYZER_NONNULL = YES;
				CLANG_ANALYZER_NUMBER_OBJECT_CONVERSION = YES_AGGRESSIVE;
				CLANG_CXX_LANGUAGE_STANDARD = "gnu++14";
				CLANG_CXX_LIBRARY = "libc++";
				CLANG_ENABLE_MODULES = YES;
				CLANG_ENABLE_OBJC_ARC = YES;
				CLANG_ENABLE_OBJC_WEAK = YES;
				CLANG_WARN_BLOCK_CAPTURE_AUTORELEASING = YES;
				CLANG_WARN_BOOL_CONVERSION = YES;
				CLANG_WARN_COMMA = YES;
				CLANG_WARN_CONSTANT_CONVERSION = YES;
				CLANG_WARN_DEPRECATED_OBJC_IMPLEMENTATIONS = YES;
				CLANG_WARN_DIRECT_OBJC_ISA_USAGE = YES_ERROR;
				CLANG_WARN_DOCUMENTATION_COMMENTS = YES;
				CLANG_WARN_EMPTY_BODY = YES;
				CLANG_WARN_ENUM_CONVERSION = YES;
				CLANG_WARN_INFINITE_RECURSION = YES;
				CLANG_WARN_INT_CONVERSION = YES;
				CLANG_WARN_NON_LITERAL_NULL_CONVERSION = YES;
				CLANG_WARN_OBJC_IMPLICIT_RETAIN_SELF = YES;
				CLANG_WARN_OBJC_LITERAL_CONVERSION = YES;
				CLANG_WARN_OBJC_ROOT_CLASS = YES_ERROR;
				CLANG_WARN_RANGE_LOOP_ANALYSIS = YES;
				CLANG_WARN_STRICT_PROTOTYPES = YES;
				CLANG_WARN_SUSPICIOUS_MOVE = YES;
				CLANG_WARN_UNGUARDED_AVAILABILITY = YES_AGGRESSIVE;
				CLANG_WARN_UNREACHABLE_CODE = YES;
				CLANG_WARN__DUPLICATE_METHOD_MATCH = YES;
				COPY_PHASE_STRIP = NO;
				DEBUG_INFORMATION_FORMAT = "dwarf-with-dsym";
				ENABLE_NS_ASSERTIONS = NO;
				ENABLE_STRICT_OBJC_MSGSEND = YES;
				GCC_C_LANGUAGE_STANDARD = gnu11;
				GCC_NO_COMMON_BLOCKS = YES;
				GCC_WARN_64_TO_32_BIT_CONVERSION = YES;
				GCC_WARN_ABOUT_RETURN_TYPE = YES_ERROR;
				GCC_WARN_UNDECLARED_SELECTOR = YES;
				GCC_WARN_UNINITIALIZED_AUTOS = YES_AGGRESSIVE;
				GCC_WARN_UNUSED_FUNCTION = YES;
				GCC_WARN_UNUSED_VARIABLE = YES;
				IPHONEOS_DEPLOYMENT_TARGET = 13.0;
				MTL_ENABLE_DEBUG_INFO = NO;
				MTL_FAST_MATH = YES;
				SDKROOT = iphoneos;
				SWIFT_COMPILATION_MODE = wholemodule;
				SWIFT_OPTIMIZATION_LEVEL = "-O";
				VALIDATE_PRODUCT = YES;
			};
			name = Release;
		};
		4C39BAFE235E468100917EA9 /* Debug */ = {
			isa = XCBuildConfiguration;
			buildSettings = {
				ASSETCATALOG_COMPILER_APPICON_NAME = AppIcon;
				CODE_SIGN_STYLE = Automatic;
				DEVELOPMENT_TEAM = YWX9475HW8;
				INFOPLIST_FILE = SpendeeTask/SupportingFiles/Info.plist;
				LD_RUNPATH_SEARCH_PATHS = (
					"$(inherited)",
					"@executable_path/Frameworks",
				);
				PRODUCT_BUNDLE_IDENTIFIER = com.danielfcodes.SpendeeTask;
				PRODUCT_NAME = "$(TARGET_NAME)";
				SWIFT_VERSION = 5.0;
				TARGETED_DEVICE_FAMILY = "1,2";
			};
			name = Debug;
		};
		4C39BAFF235E468100917EA9 /* Release */ = {
			isa = XCBuildConfiguration;
			buildSettings = {
				ASSETCATALOG_COMPILER_APPICON_NAME = AppIcon;
				CODE_SIGN_STYLE = Automatic;
				DEVELOPMENT_TEAM = YWX9475HW8;
				INFOPLIST_FILE = SpendeeTask/SupportingFiles/Info.plist;
				LD_RUNPATH_SEARCH_PATHS = (
					"$(inherited)",
					"@executable_path/Frameworks",
				);
				PRODUCT_BUNDLE_IDENTIFIER = com.danielfcodes.SpendeeTask;
				PRODUCT_NAME = "$(TARGET_NAME)";
				SWIFT_VERSION = 5.0;
				TARGETED_DEVICE_FAMILY = "1,2";
			};
			name = Release;
		};
/* End XCBuildConfiguration section */

/* Begin XCConfigurationList section */
		4C39BAE4235E467D00917EA9 /* Build configuration list for PBXProject "SpendeeTask" */ = {
			isa = XCConfigurationList;
			buildConfigurations = (
				4C39BAFB235E468100917EA9 /* Debug */,
				4C39BAFC235E468100917EA9 /* Release */,
			);
			defaultConfigurationIsVisible = 0;
			defaultConfigurationName = Release;
		};
		4C39BAFD235E468100917EA9 /* Build configuration list for PBXNativeTarget "SpendeeTask" */ = {
			isa = XCConfigurationList;
			buildConfigurations = (
				4C39BAFE235E468100917EA9 /* Debug */,
				4C39BAFF235E468100917EA9 /* Release */,
			);
			defaultConfigurationIsVisible = 0;
			defaultConfigurationName = Release;
		};
/* End XCConfigurationList section */
	};
	rootObject = 4C39BAE1235E467D00917EA9 /* Project object */;
}
